// !$*UTF8*$!
{
	archiveVersion = 1;
	classes = {
	};
	objectVersion = 46;
	objects = {
/* Begin PBXBuildFile section */
		0207DA581B56EA530066E2B4 /* Images.xcassets in Resources */ = {isa = PBXBuildFile; fileRef = 0207DA571B56EA530066E2B4 /* Images.xcassets */; };
		1D3623260D0F684500981E51 /* AppDelegate.m in Sources */ = {isa = PBXBuildFile; fileRef = 1D3623250D0F684500981E51 /* AppDelegate.m */; };
		1D60589B0D05DD56006BFB54 /* main.m in Sources */ = {isa = PBXBuildFile; fileRef = 29B97316FDCFA39411CA2CEA /* main.m */; };
		301BF552109A68D80062928A /* libCordova.a in Frameworks */ = {isa = PBXBuildFile; fileRef = 301BF535109A57CC0062928A /* libCordova.a */; };
		302D95F114D2391D003F00A1 /* MainViewController.m in Sources */ = {isa = PBXBuildFile; fileRef = 302D95EF14D2391D003F00A1 /* MainViewController.m */; };
		302D95F214D2391D003F00A1 /* MainViewController.xib in Resources */ = {isa = PBXBuildFile; fileRef = 302D95F014D2391D003F00A1 /* MainViewController.xib */; };
		3047A5121AB8059700498E2A /* build-debug.xcconfig in Resources */ = {isa = PBXBuildFile; fileRef = 3047A50F1AB8059700498E2A /* build-debug.xcconfig */; };
		3047A5131AB8059700498E2A /* build-release.xcconfig in Resources */ = {isa = PBXBuildFile; fileRef = 3047A5101AB8059700498E2A /* build-release.xcconfig */; };
		3047A5141AB8059700498E2A /* build.xcconfig in Resources */ = {isa = PBXBuildFile; fileRef = 3047A5111AB8059700498E2A /* build.xcconfig */; };
		6AFF5BF91D6E424B00AB3073 /* CDVLaunchScreen.storyboard in Resources */ = {isa = PBXBuildFile; fileRef = 6AFF5BF81D6E424B00AB3073 /* CDVLaunchScreen.storyboard */; };
		142869A439B64A18A63E8833 /* CDVDevice.m in Sources */ = {isa = PBXBuildFile; fileRef = 6ABCD81DC9264122A0C6C962 /* CDVDevice.m */; };
		95F0663D1E324C1C80FFB8CC /* CDVWKWebViewEngine.m in Sources */ = {isa = PBXBuildFile; fileRef = D7FC9AF4CEBB4DB9B47BBF76 /* CDVWKWebViewEngine.m */; };
		AB7744C890CA43E291B2565D /* CDVWKWebViewUIDelegate.m in Sources */ = {isa = PBXBuildFile; fileRef = 2016C10E852A414790FA4764 /* CDVWKWebViewUIDelegate.m */; };
		AFFD95909DEC4A99B7C3A20A /* CDVWKProcessPoolFactory.m in Sources */ = {isa = PBXBuildFile; fileRef = 5BB6D326416444EB81B57A3C /* CDVWKProcessPoolFactory.m */; };
		2A226C626AAC4A2BB4917D73 /* GCDWebServer.m in Sources */ = {isa = PBXBuildFile; fileRef = ECDD437231D74531BF53823B /* GCDWebServer.m */; };
		DD0302426B5E4C6FB35E5675 /* GCDWebServerConnection.m in Sources */ = {isa = PBXBuildFile; fileRef = CBBC3576DC0C4A1FA9A3903F /* GCDWebServerConnection.m */; };
		2CA9FD89F9CA49D0B9F71ADC /* GCDWebServerFunctions.m in Sources */ = {isa = PBXBuildFile; fileRef = 0946A125BA984B0F89C7F97C /* GCDWebServerFunctions.m */; };
		1722BF6FFC6842CD95A6E8E9 /* GCDWebServerRequest.m in Sources */ = {isa = PBXBuildFile; fileRef = DA89C7BC918B410C81AA9883 /* GCDWebServerRequest.m */; };
		354594F8349B4BD5BF45FBAA /* GCDWebServerResponse.m in Sources */ = {isa = PBXBuildFile; fileRef = F5C2ED38DB684521BDBF1949 /* GCDWebServerResponse.m */; };
		32F37E7E368F42EB9D8FAFEB /* GCDWebServerDataRequest.m in Sources */ = {isa = PBXBuildFile; fileRef = 5E6CE5BF31434C0E931E74CF /* GCDWebServerDataRequest.m */; };
		871FF26D8C364FA9AE84668A /* GCDWebServerFileRequest.m in Sources */ = {isa = PBXBuildFile; fileRef = BD6B8B4373584029B5E1C6F6 /* GCDWebServerFileRequest.m */; };
		29B2DB1F07E04409BA657E0A /* GCDWebServerMultiPartFormRequest.m in Sources */ = {isa = PBXBuildFile; fileRef = 20AC0B0FD3124371A5D6771E /* GCDWebServerMultiPartFormRequest.m */; };
		32D28AFFB1DB48CEA2E40307 /* GCDWebServerURLEncodedFormRequest.m in Sources */ = {isa = PBXBuildFile; fileRef = 5B1A931D566642909761A658 /* GCDWebServerURLEncodedFormRequest.m */; };
		F6FA4C6760974E5CBF914145 /* GCDWebServerDataResponse.m in Sources */ = {isa = PBXBuildFile; fileRef = 62C81C50189044AA90838D2E /* GCDWebServerDataResponse.m */; };
		3DBAF9EEDE2F4FB7B446A922 /* GCDWebServerErrorResponse.m in Sources */ = {isa = PBXBuildFile; fileRef = 349E844F2B9B4F0C8D03E2B1 /* GCDWebServerErrorResponse.m */; };
		1963BE1E2E294235872701FE /* GCDWebServerFileResponse.m in Sources */ = {isa = PBXBuildFile; fileRef = D342033654DB438DAF344032 /* GCDWebServerFileResponse.m */; };
		732662B2A9FC448C93613F6F /* GCDWebServerStreamedResponse.m in Sources */ = {isa = PBXBuildFile; fileRef = AE3F922F2C9541BAA8447542 /* GCDWebServerStreamedResponse.m */; };
		774B6C335C1C470AA3346B05 /* WebKit.framework in Frameworks */ = {isa = PBXBuildFile; fileRef = F78156B2464B4946A087DA20 /* WebKit.framework */; settings = {ATTRIBUTES = (Weak, ); }; };
		ADF14B525CA84A2AB0F85989 /* libz.tbd in Frameworks */ = {isa = PBXBuildFile; fileRef = FF5E6117208A4B0E8BAF63FF /* libz.tbd */; };
		9E846A99BF8444A2BE15341A /* CDVSplashScreen.m in Sources */ = {isa = PBXBuildFile; fileRef = C0C42E0488C94AE587AA7722 /* CDVSplashScreen.m */; };
		EDF5B722A4C443EB9DFB368F /* CDVViewController+SplashScreen.m in Sources */ = {isa = PBXBuildFile; fileRef = 9C488D05A7B04EED95C776C8 /* CDVViewController+SplashScreen.m */; };
		391E111C20754AEEADF781DC /* IonicKeyboard.m in Sources */ = {isa = PBXBuildFile; fileRef = A4AF46E8BC7B45E9AF9E3444 /* IonicKeyboard.m */; };
		561DB550BE5D4A9791A91413 /* CDVBarcodeScanner.mm in Resources */ = {isa = PBXBuildFile; fileRef = D41A635E67304FC1ACC32C13 /* CDVBarcodeScanner.mm */; settings = {COMPILER_FLAGS = "-fno-objc-arc"; }; };
		AD4CB13154AA48F09A4C2FFE /* zxing-all-in-one.cpp in Resources */ = {isa = PBXBuildFile; fileRef = 57F9165EBE6247DD833DBD8B /* zxing-all-in-one.cpp */; };
		D8A9A5454D55490EA8256764 /* scannerOverlay.xib in Resources */ = {isa = PBXBuildFile; fileRef = 867DCD17AC164124AFFD5643 /* scannerOverlay.xib */; };
		4360DC54452B498590B62C20 /* CDVBarcodeScanner.bundle in Resources */ = {isa = PBXBuildFile; fileRef = 98D9EA1D56284692B2A62812 /* CDVBarcodeScanner.bundle */; };
		347A50EE9FEB416C9B412352 /* libiconv.dylib in Frameworks */ = {isa = PBXBuildFile; fileRef = 7D2492C194804EAA81462959 /* libiconv.dylib */; };
		097B49435D6849E194C9E1C0 /* AVFoundation.framework in Frameworks */ = {isa = PBXBuildFile; fileRef = A18BD0A6D351409D8A7496EA /* AVFoundation.framework */; };
		0C50C2ABF2FE48DB94AF7D24 /* CoreVideo.framework in Frameworks */ = {isa = PBXBuildFile; fileRef = B813CB5102664D9BBB84320B /* CoreVideo.framework */; };
		F655FA8118CF4894AFD571DE /* QuartzCore.framework in Frameworks */ = {isa = PBXBuildFile; fileRef = 8F095912A14E47218DD6675E /* QuartzCore.framework */; };
		86874F8AC85F45D3A5524C56 /* CoreImage.framework in Frameworks */ = {isa = PBXBuildFile; fileRef = 80AAD33A3CE5449691523E9E /* CoreImage.framework */; };
		163074850EE240ED8AE2380D /* AudioToolbox.framework in Frameworks */ = {isa = PBXBuildFile; fileRef = A7412B06BA754766A0740F65 /* AudioToolbox.framework */; };
/* End PBXBuildFile section */

/* Begin PBXContainerItemProxy section */
		301BF534109A57CC0062928A /* PBXContainerItemProxy */ = {
			isa = PBXContainerItemProxy;
			containerPortal = 301BF52D109A57CC0062928A /* CordovaLib.xcodeproj */;
			proxyType = 2;
			remoteGlobalIDString = D2AAC07E0554694100DB518D;
			remoteInfo = CordovaLib;
		};
		301BF550109A68C00062928A /* PBXContainerItemProxy */ = {
			isa = PBXContainerItemProxy;
			containerPortal = 301BF52D109A57CC0062928A /* CordovaLib.xcodeproj */;
			proxyType = 1;
			remoteGlobalIDString = D2AAC07D0554694100DB518D;
			remoteInfo = CordovaLib;
		};
/* End PBXContainerItemProxy section */

/* Begin PBXFileReference section */
		0207DA571B56EA530066E2B4 /* Images.xcassets */ = {isa = PBXFileReference; lastKnownFileType = folder.assetcatalog; name = Images.xcassets; path = "ipisaapp/Images.xcassets"; sourceTree = SOURCE_ROOT; };
		1D3623240D0F684500981E51 /* AppDelegate.h */ = {isa = PBXFileReference; fileEncoding = 4; lastKnownFileType = sourcecode.c.h; path = AppDelegate.h; sourceTree = "<group>"; };
		1D3623250D0F684500981E51 /* AppDelegate.m */ = {isa = PBXFileReference; fileEncoding = 4; lastKnownFileType = sourcecode.c.objc; path = AppDelegate.m; sourceTree = "<group>"; };
		1D6058910D05DD3D006BFB54 /* ipisaapp.app */ = {isa = PBXFileReference; explicitFileType = wrapper.application; includeInIndex = 0; path = "ipisaapp.app"; sourceTree = BUILT_PRODUCTS_DIR; };
		29B97316FDCFA39411CA2CEA /* main.m */ = {isa = PBXFileReference; fileEncoding = 4; lastKnownFileType = sourcecode.c.objc; path = main.m; sourceTree = "<group>"; };
		301BF52D109A57CC0062928A /* CordovaLib.xcodeproj */ = {isa = PBXFileReference; lastKnownFileType = "wrapper.pb-project"; path = CordovaLib/CordovaLib.xcodeproj; sourceTree = "<group>"; };
		301BF56E109A69640062928A /* www */ = {isa = PBXFileReference; lastKnownFileType = folder; path = www; sourceTree = SOURCE_ROOT; };
		302D95EE14D2391D003F00A1 /* MainViewController.h */ = {isa = PBXFileReference; fileEncoding = 4; lastKnownFileType = sourcecode.c.h; path = MainViewController.h; sourceTree = "<group>"; };
		302D95EF14D2391D003F00A1 /* MainViewController.m */ = {isa = PBXFileReference; fileEncoding = 4; lastKnownFileType = sourcecode.c.objc; path = MainViewController.m; sourceTree = "<group>"; };
		302D95F014D2391D003F00A1 /* MainViewController.xib */ = {isa = PBXFileReference; fileEncoding = 4; lastKnownFileType = file.xib; path = MainViewController.xib; sourceTree = "<group>"; };
		3047A50F1AB8059700498E2A /* build-debug.xcconfig */ = {isa = PBXFileReference; fileEncoding = 4; lastKnownFileType = text.xcconfig; name = "build-debug.xcconfig"; path = cordova/build-debug.xcconfig; sourceTree = SOURCE_ROOT; };
		3047A5101AB8059700498E2A /* build-release.xcconfig */ = {isa = PBXFileReference; fileEncoding = 4; lastKnownFileType = text.xcconfig; name = "build-release.xcconfig"; path = cordova/build-release.xcconfig; sourceTree = SOURCE_ROOT; };
		3047A5111AB8059700498E2A /* build.xcconfig */ = {isa = PBXFileReference; fileEncoding = 4; lastKnownFileType = text.xcconfig; name = build.xcconfig; path = cordova/build.xcconfig; sourceTree = SOURCE_ROOT; };
		32CA4F630368D1EE00C91783 /* ipisaapp-Prefix.pch */ = {isa = PBXFileReference; fileEncoding = 4; lastKnownFileType = sourcecode.c.h; path = "ipisaapp-Prefix.pch"; sourceTree = "<group>"; };
		6AFF5BF81D6E424B00AB3073 /* CDVLaunchScreen.storyboard */ = {isa = PBXFileReference; fileEncoding = 4; lastKnownFileType = file.storyboard; name = CDVLaunchScreen.storyboard; path = "ipisaapp/CDVLaunchScreen.storyboard"; sourceTree = SOURCE_ROOT; };
		8D1107310486CEB800E47090 /* ipisaapp-Info.plist */ = {isa = PBXFileReference; fileEncoding = 4; lastKnownFileType = text.plist.xml; name = "ipisaapp-Info.plist"; path = "ipisaapp/ipisaapp-Info.plist"; plistStructureDefinitionIdentifier = "com.apple.xcode.plist.structure-definition.iphone.info-plist"; sourceTree = SOURCE_ROOT; };
		EB87FDF31871DA8E0020F90C /* www */ = {isa = PBXFileReference; lastKnownFileType = folder; name = www; path = ../../www; sourceTree = "<group>"; };
		EB87FDF41871DAF40020F90C /* config.xml */ = {isa = PBXFileReference; lastKnownFileType = text.xml; name = config.xml; path = ../../config.xml; sourceTree = "<group>"; };
		F840E1F0165FE0F500CFE078 /* config.xml */ = {isa = PBXFileReference; lastKnownFileType = text.xml; name = config.xml; path = "ipisaapp/config.xml"; sourceTree = "<group>"; };
		ED33DF2A687741AEAF9F8254 /* Bridging-Header.h */ = {isa = PBXFileReference; fileEncoding = 4; lastKnownFileType = sourcecode.c.h; name = "Bridging-Header.h"; path = "Bridging-Header.h"; sourceTree = "<group>"; };
		6ABCD81DC9264122A0C6C962 /* CDVDevice.m */ = {isa = PBXFileReference; name = "CDVDevice.m"; path = "cordova-plugin-device/CDVDevice.m"; sourceTree = "<group>"; fileEncoding = 4; lastKnownFileType = sourcecode.c.objc; explicitFileType = undefined; includeInIndex = 0; };
		AAC83C8C3E6B491096E2A4C9 /* CDVDevice.h */ = {isa = PBXFileReference; name = "CDVDevice.h"; path = "cordova-plugin-device/CDVDevice.h"; sourceTree = "<group>"; fileEncoding = 4; lastKnownFileType = sourcecode.c.h; explicitFileType = undefined; includeInIndex = 0; };
		D7FC9AF4CEBB4DB9B47BBF76 /* CDVWKWebViewEngine.m */ = {isa = PBXFileReference; name = "CDVWKWebViewEngine.m"; path = "cordova-plugin-ionic-webview/CDVWKWebViewEngine.m"; sourceTree = "<group>"; fileEncoding = 4; lastKnownFileType = sourcecode.c.objc; explicitFileType = undefined; includeInIndex = 0; };
		2016C10E852A414790FA4764 /* CDVWKWebViewUIDelegate.m */ = {isa = PBXFileReference; name = "CDVWKWebViewUIDelegate.m"; path = "cordova-plugin-ionic-webview/CDVWKWebViewUIDelegate.m"; sourceTree = "<group>"; fileEncoding = 4; lastKnownFileType = sourcecode.c.objc; explicitFileType = undefined; includeInIndex = 0; };
		5BB6D326416444EB81B57A3C /* CDVWKProcessPoolFactory.m */ = {isa = PBXFileReference; name = "CDVWKProcessPoolFactory.m"; path = "cordova-plugin-ionic-webview/CDVWKProcessPoolFactory.m"; sourceTree = "<group>"; fileEncoding = 4; lastKnownFileType = sourcecode.c.objc; explicitFileType = undefined; includeInIndex = 0; };
		ECDD437231D74531BF53823B /* GCDWebServer.m */ = {isa = PBXFileReference; name = "GCDWebServer.m"; path = "cordova-plugin-ionic-webview/GCDWebServer.m"; sourceTree = "<group>"; fileEncoding = 4; lastKnownFileType = sourcecode.c.objc; explicitFileType = undefined; includeInIndex = 0; };
		CBBC3576DC0C4A1FA9A3903F /* GCDWebServerConnection.m */ = {isa = PBXFileReference; name = "GCDWebServerConnection.m"; path = "cordova-plugin-ionic-webview/GCDWebServerConnection.m"; sourceTree = "<group>"; fileEncoding = 4; lastKnownFileType = sourcecode.c.objc; explicitFileType = undefined; includeInIndex = 0; };
		0946A125BA984B0F89C7F97C /* GCDWebServerFunctions.m */ = {isa = PBXFileReference; name = "GCDWebServerFunctions.m"; path = "cordova-plugin-ionic-webview/GCDWebServerFunctions.m"; sourceTree = "<group>"; fileEncoding = 4; lastKnownFileType = sourcecode.c.objc; explicitFileType = undefined; includeInIndex = 0; };
		DA89C7BC918B410C81AA9883 /* GCDWebServerRequest.m */ = {isa = PBXFileReference; name = "GCDWebServerRequest.m"; path = "cordova-plugin-ionic-webview/GCDWebServerRequest.m"; sourceTree = "<group>"; fileEncoding = 4; lastKnownFileType = sourcecode.c.objc; explicitFileType = undefined; includeInIndex = 0; };
		F5C2ED38DB684521BDBF1949 /* GCDWebServerResponse.m */ = {isa = PBXFileReference; name = "GCDWebServerResponse.m"; path = "cordova-plugin-ionic-webview/GCDWebServerResponse.m"; sourceTree = "<group>"; fileEncoding = 4; lastKnownFileType = sourcecode.c.objc; explicitFileType = undefined; includeInIndex = 0; };
		5E6CE5BF31434C0E931E74CF /* GCDWebServerDataRequest.m */ = {isa = PBXFileReference; name = "GCDWebServerDataRequest.m"; path = "cordova-plugin-ionic-webview/GCDWebServerDataRequest.m"; sourceTree = "<group>"; fileEncoding = 4; lastKnownFileType = sourcecode.c.objc; explicitFileType = undefined; includeInIndex = 0; };
		BD6B8B4373584029B5E1C6F6 /* GCDWebServerFileRequest.m */ = {isa = PBXFileReference; name = "GCDWebServerFileRequest.m"; path = "cordova-plugin-ionic-webview/GCDWebServerFileRequest.m"; sourceTree = "<group>"; fileEncoding = 4; lastKnownFileType = sourcecode.c.objc; explicitFileType = undefined; includeInIndex = 0; };
		20AC0B0FD3124371A5D6771E /* GCDWebServerMultiPartFormRequest.m */ = {isa = PBXFileReference; name = "GCDWebServerMultiPartFormRequest.m"; path = "cordova-plugin-ionic-webview/GCDWebServerMultiPartFormRequest.m"; sourceTree = "<group>"; fileEncoding = 4; lastKnownFileType = sourcecode.c.objc; explicitFileType = undefined; includeInIndex = 0; };
		5B1A931D566642909761A658 /* GCDWebServerURLEncodedFormRequest.m */ = {isa = PBXFileReference; name = "GCDWebServerURLEncodedFormRequest.m"; path = "cordova-plugin-ionic-webview/GCDWebServerURLEncodedFormRequest.m"; sourceTree = "<group>"; fileEncoding = 4; lastKnownFileType = sourcecode.c.objc; explicitFileType = undefined; includeInIndex = 0; };
		62C81C50189044AA90838D2E /* GCDWebServerDataResponse.m */ = {isa = PBXFileReference; name = "GCDWebServerDataResponse.m"; path = "cordova-plugin-ionic-webview/GCDWebServerDataResponse.m"; sourceTree = "<group>"; fileEncoding = 4; lastKnownFileType = sourcecode.c.objc; explicitFileType = undefined; includeInIndex = 0; };
		349E844F2B9B4F0C8D03E2B1 /* GCDWebServerErrorResponse.m */ = {isa = PBXFileReference; name = "GCDWebServerErrorResponse.m"; path = "cordova-plugin-ionic-webview/GCDWebServerErrorResponse.m"; sourceTree = "<group>"; fileEncoding = 4; lastKnownFileType = sourcecode.c.objc; explicitFileType = undefined; includeInIndex = 0; };
		D342033654DB438DAF344032 /* GCDWebServerFileResponse.m */ = {isa = PBXFileReference; name = "GCDWebServerFileResponse.m"; path = "cordova-plugin-ionic-webview/GCDWebServerFileResponse.m"; sourceTree = "<group>"; fileEncoding = 4; lastKnownFileType = sourcecode.c.objc; explicitFileType = undefined; includeInIndex = 0; };
		AE3F922F2C9541BAA8447542 /* GCDWebServerStreamedResponse.m */ = {isa = PBXFileReference; name = "GCDWebServerStreamedResponse.m"; path = "cordova-plugin-ionic-webview/GCDWebServerStreamedResponse.m"; sourceTree = "<group>"; fileEncoding = 4; lastKnownFileType = sourcecode.c.objc; explicitFileType = undefined; includeInIndex = 0; };
		C0B0F6DD9C5A498997279C5A /* CDVWKWebViewEngine.h */ = {isa = PBXFileReference; name = "CDVWKWebViewEngine.h"; path = "cordova-plugin-ionic-webview/CDVWKWebViewEngine.h"; sourceTree = "<group>"; fileEncoding = 4; lastKnownFileType = sourcecode.c.h; explicitFileType = undefined; includeInIndex = 0; };
		089E526DF2C1432DAC3FF697 /* CDVWKWebViewUIDelegate.h */ = {isa = PBXFileReference; name = "CDVWKWebViewUIDelegate.h"; path = "cordova-plugin-ionic-webview/CDVWKWebViewUIDelegate.h"; sourceTree = "<group>"; fileEncoding = 4; lastKnownFileType = sourcecode.c.h; explicitFileType = undefined; includeInIndex = 0; };
		6A1AC43B0E084D1384C9A5D5 /* CDVWKProcessPoolFactory.h */ = {isa = PBXFileReference; name = "CDVWKProcessPoolFactory.h"; path = "cordova-plugin-ionic-webview/CDVWKProcessPoolFactory.h"; sourceTree = "<group>"; fileEncoding = 4; lastKnownFileType = sourcecode.c.h; explicitFileType = undefined; includeInIndex = 0; };
		3EC24F351A9A4299A221274C /* GCDWebServer.h */ = {isa = PBXFileReference; name = "GCDWebServer.h"; path = "cordova-plugin-ionic-webview/GCDWebServer.h"; sourceTree = "<group>"; fileEncoding = 4; lastKnownFileType = sourcecode.c.h; explicitFileType = undefined; includeInIndex = 0; };
		88D0F4EBBDD54F76B719AFE1 /* GCDWebServerConnection.h */ = {isa = PBXFileReference; name = "GCDWebServerConnection.h"; path = "cordova-plugin-ionic-webview/GCDWebServerConnection.h"; sourceTree = "<group>"; fileEncoding = 4; lastKnownFileType = sourcecode.c.h; explicitFileType = undefined; includeInIndex = 0; };
		518C49C8F7834857AA57D1EF /* GCDWebServerFunctions.h */ = {isa = PBXFileReference; name = "GCDWebServerFunctions.h"; path = "cordova-plugin-ionic-webview/GCDWebServerFunctions.h"; sourceTree = "<group>"; fileEncoding = 4; lastKnownFileType = sourcecode.c.h; explicitFileType = undefined; includeInIndex = 0; };
		EAAE9CCB66AD478BB4FF2865 /* GCDWebServerHTTPStatusCodes.h */ = {isa = PBXFileReference; name = "GCDWebServerHTTPStatusCodes.h"; path = "cordova-plugin-ionic-webview/GCDWebServerHTTPStatusCodes.h"; sourceTree = "<group>"; fileEncoding = 4; lastKnownFileType = sourcecode.c.h; explicitFileType = undefined; includeInIndex = 0; };
		0C486C5BA9DD4311A8433A78 /* GCDWebServerPrivate.h */ = {isa = PBXFileReference; name = "GCDWebServerPrivate.h"; path = "cordova-plugin-ionic-webview/GCDWebServerPrivate.h"; sourceTree = "<group>"; fileEncoding = 4; lastKnownFileType = sourcecode.c.h; explicitFileType = undefined; includeInIndex = 0; };
		4CC9BA6E1E9C4D769FB19652 /* GCDWebServerRequest.h */ = {isa = PBXFileReference; name = "GCDWebServerRequest.h"; path = "cordova-plugin-ionic-webview/GCDWebServerRequest.h"; sourceTree = "<group>"; fileEncoding = 4; lastKnownFileType = sourcecode.c.h; explicitFileType = undefined; includeInIndex = 0; };
		71599D1E420F4B43A319929C /* GCDWebServerResponse.h */ = {isa = PBXFileReference; name = "GCDWebServerResponse.h"; path = "cordova-plugin-ionic-webview/GCDWebServerResponse.h"; sourceTree = "<group>"; fileEncoding = 4; lastKnownFileType = sourcecode.c.h; explicitFileType = undefined; includeInIndex = 0; };
		29D46F6BA5054D6EAB832DBE /* GCDWebServerDataRequest.h */ = {isa = PBXFileReference; name = "GCDWebServerDataRequest.h"; path = "cordova-plugin-ionic-webview/GCDWebServerDataRequest.h"; sourceTree = "<group>"; fileEncoding = 4; lastKnownFileType = sourcecode.c.h; explicitFileType = undefined; includeInIndex = 0; };
		8FD9DC5509B24A78850CD1E5 /* GCDWebServerFileRequest.h */ = {isa = PBXFileReference; name = "GCDWebServerFileRequest.h"; path = "cordova-plugin-ionic-webview/GCDWebServerFileRequest.h"; sourceTree = "<group>"; fileEncoding = 4; lastKnownFileType = sourcecode.c.h; explicitFileType = undefined; includeInIndex = 0; };
		A8D84C6247C5488AB63EC6B1 /* GCDWebServerMultiPartFormRequest.h */ = {isa = PBXFileReference; name = "GCDWebServerMultiPartFormRequest.h"; path = "cordova-plugin-ionic-webview/GCDWebServerMultiPartFormRequest.h"; sourceTree = "<group>"; fileEncoding = 4; lastKnownFileType = sourcecode.c.h; explicitFileType = undefined; includeInIndex = 0; };
		ED9A5BBB788A46C798728576 /* GCDWebServerURLEncodedFormRequest.h */ = {isa = PBXFileReference; name = "GCDWebServerURLEncodedFormRequest.h"; path = "cordova-plugin-ionic-webview/GCDWebServerURLEncodedFormRequest.h"; sourceTree = "<group>"; fileEncoding = 4; lastKnownFileType = sourcecode.c.h; explicitFileType = undefined; includeInIndex = 0; };
		A439449E00DA49EF8713A414 /* GCDWebServerDataResponse.h */ = {isa = PBXFileReference; name = "GCDWebServerDataResponse.h"; path = "cordova-plugin-ionic-webview/GCDWebServerDataResponse.h"; sourceTree = "<group>"; fileEncoding = 4; lastKnownFileType = sourcecode.c.h; explicitFileType = undefined; includeInIndex = 0; };
		0B1BBC67FA434163B3347D6A /* GCDWebServerErrorResponse.h */ = {isa = PBXFileReference; name = "GCDWebServerErrorResponse.h"; path = "cordova-plugin-ionic-webview/GCDWebServerErrorResponse.h"; sourceTree = "<group>"; fileEncoding = 4; lastKnownFileType = sourcecode.c.h; explicitFileType = undefined; includeInIndex = 0; };
		5854B5702DF24B45B66B72D9 /* GCDWebServerFileResponse.h */ = {isa = PBXFileReference; name = "GCDWebServerFileResponse.h"; path = "cordova-plugin-ionic-webview/GCDWebServerFileResponse.h"; sourceTree = "<group>"; fileEncoding = 4; lastKnownFileType = sourcecode.c.h; explicitFileType = undefined; includeInIndex = 0; };
		1A01C0EBAF904BC9BA1A319E /* GCDWebServerStreamedResponse.h */ = {isa = PBXFileReference; name = "GCDWebServerStreamedResponse.h"; path = "cordova-plugin-ionic-webview/GCDWebServerStreamedResponse.h"; sourceTree = "<group>"; fileEncoding = 4; lastKnownFileType = sourcecode.c.h; explicitFileType = undefined; includeInIndex = 0; };
		F78156B2464B4946A087DA20 /* WebKit.framework */ = {isa = PBXFileReference; name = "WebKit.framework"; path = "System/Library/Frameworks/WebKit.framework"; sourceTree = SDKROOT; fileEncoding = undefined; lastKnownFileType = wrapper.framework; explicitFileType = undefined; includeInIndex = 0; };
		FF5E6117208A4B0E8BAF63FF /* libz.tbd */ = {isa = PBXFileReference; name = "libz.tbd"; path = "usr/lib/libz.tbd"; sourceTree = SDKROOT; fileEncoding = undefined; lastKnownFileType = sourcecode.text-based-dylib-definition; explicitFileType = undefined; includeInIndex = 0; };
		C0C42E0488C94AE587AA7722 /* CDVSplashScreen.m */ = {isa = PBXFileReference; name = "CDVSplashScreen.m"; path = "cordova-plugin-splashscreen/CDVSplashScreen.m"; sourceTree = "<group>"; fileEncoding = 4; lastKnownFileType = sourcecode.c.objc; explicitFileType = undefined; includeInIndex = 0; };
		9C488D05A7B04EED95C776C8 /* CDVViewController+SplashScreen.m */ = {isa = PBXFileReference; name = "CDVViewController+SplashScreen.m"; path = "cordova-plugin-splashscreen/CDVViewController+SplashScreen.m"; sourceTree = "<group>"; fileEncoding = 4; lastKnownFileType = sourcecode.c.objc; explicitFileType = undefined; includeInIndex = 0; };
		90AF08A7C7E3465DB7AC69CD /* CDVSplashScreen.h */ = {isa = PBXFileReference; name = "CDVSplashScreen.h"; path = "cordova-plugin-splashscreen/CDVSplashScreen.h"; sourceTree = "<group>"; fileEncoding = 4; lastKnownFileType = sourcecode.c.h; explicitFileType = undefined; includeInIndex = 0; };
		EECABB86F03747E58F036299 /* CDVViewController+SplashScreen.h */ = {isa = PBXFileReference; name = "CDVViewController+SplashScreen.h"; path = "cordova-plugin-splashscreen/CDVViewController+SplashScreen.h"; sourceTree = "<group>"; fileEncoding = 4; lastKnownFileType = sourcecode.c.h; explicitFileType = undefined; includeInIndex = 0; };
		A4AF46E8BC7B45E9AF9E3444 /* IonicKeyboard.m */ = {isa = PBXFileReference; name = "IonicKeyboard.m"; path = "ionic-plugin-keyboard/IonicKeyboard.m"; sourceTree = "<group>"; fileEncoding = 4; lastKnownFileType = sourcecode.c.objc; explicitFileType = undefined; includeInIndex = 0; };
		675175C26C8F491EB681096A /* IonicKeyboard.h */ = {isa = PBXFileReference; name = "IonicKeyboard.h"; path = "ionic-plugin-keyboard/IonicKeyboard.h"; sourceTree = "<group>"; fileEncoding = 4; lastKnownFileType = sourcecode.c.h; explicitFileType = undefined; includeInIndex = 0; };
		D41A635E67304FC1ACC32C13 /* CDVBarcodeScanner.mm */ = {isa = PBXFileReference; name = "CDVBarcodeScanner.mm"; path = "phonegap-plugin-barcodescanner/CDVBarcodeScanner.mm"; sourceTree = "<group>"; fileEncoding = undefined; lastKnownFileType = unknown; explicitFileType = undefined; includeInIndex = 0; };
		57F9165EBE6247DD833DBD8B /* zxing-all-in-one.cpp */ = {isa = PBXFileReference; name = "zxing-all-in-one.cpp"; path = "phonegap-plugin-barcodescanner/zxing-all-in-one.cpp"; sourceTree = "<group>"; fileEncoding = undefined; lastKnownFileType = unknown; explicitFileType = undefined; includeInIndex = 0; };
		390641107A114836B3BC7C98 /* zxing-all-in-one.h */ = {isa = PBXFileReference; name = "zxing-all-in-one.h"; path = "phonegap-plugin-barcodescanner/zxing-all-in-one.h"; sourceTree = "<group>"; fileEncoding = 4; lastKnownFileType = sourcecode.c.h; explicitFileType = undefined; includeInIndex = 0; };
		867DCD17AC164124AFFD5643 /* scannerOverlay.xib */ = {isa = PBXFileReference; name = "scannerOverlay.xib"; path = "scannerOverlay.xib"; sourceTree = "<group>"; fileEncoding = undefined; lastKnownFileType = file.xib; explicitFileType = undefined; includeInIndex = 0; };
		98D9EA1D56284692B2A62812 /* CDVBarcodeScanner.bundle */ = {isa = PBXFileReference; name = "CDVBarcodeScanner.bundle"; path = "CDVBarcodeScanner.bundle"; sourceTree = "<group>"; fileEncoding = undefined; lastKnownFileType = wrapper.plug-in; explicitFileType = undefined; includeInIndex = 0; };
		7D2492C194804EAA81462959 /* libiconv.dylib */ = {isa = PBXFileReference; name = "libiconv.dylib"; path = "usr/lib/libiconv.dylib"; sourceTree = SDKROOT; fileEncoding = undefined; lastKnownFileType = compiled.mach-o.dylib; explicitFileType = undefined; includeInIndex = 0; };
		A18BD0A6D351409D8A7496EA /* AVFoundation.framework */ = {isa = PBXFileReference; name = "AVFoundation.framework"; path = "System/Library/Frameworks/AVFoundation.framework"; sourceTree = SDKROOT; fileEncoding = undefined; lastKnownFileType = wrapper.framework; explicitFileType = undefined; includeInIndex = 0; };
		B813CB5102664D9BBB84320B /* CoreVideo.framework */ = {isa = PBXFileReference; name = "CoreVideo.framework"; path = "System/Library/Frameworks/CoreVideo.framework"; sourceTree = SDKROOT; fileEncoding = undefined; lastKnownFileType = wrapper.framework; explicitFileType = undefined; includeInIndex = 0; };
		8F095912A14E47218DD6675E /* QuartzCore.framework */ = {isa = PBXFileReference; name = "QuartzCore.framework"; path = "System/Library/Frameworks/QuartzCore.framework"; sourceTree = SDKROOT; fileEncoding = undefined; lastKnownFileType = wrapper.framework; explicitFileType = undefined; includeInIndex = 0; };
		80AAD33A3CE5449691523E9E /* CoreImage.framework */ = {isa = PBXFileReference; name = "CoreImage.framework"; path = "System/Library/Frameworks/CoreImage.framework"; sourceTree = SDKROOT; fileEncoding = undefined; lastKnownFileType = wrapper.framework; explicitFileType = undefined; includeInIndex = 0; };
		A7412B06BA754766A0740F65 /* AudioToolbox.framework */ = {isa = PBXFileReference; name = "AudioToolbox.framework"; path = "System/Library/Frameworks/AudioToolbox.framework"; sourceTree = SDKROOT; fileEncoding = undefined; lastKnownFileType = wrapper.framework; explicitFileType = undefined; includeInIndex = 0; };
/* End PBXFileReference section */

/* Begin PBXFrameworksBuildPhase section */
		1D60588F0D05DD3D006BFB54 /* Frameworks */ = {
			isa = PBXFrameworksBuildPhase;
			buildActionMask = 2147483647;
			files = (
				301BF552109A68D80062928A /* libCordova.a in Frameworks */,
				774B6C335C1C470AA3346B05 /* WebKit.framework in Frameworks */,
				ADF14B525CA84A2AB0F85989 /* libz.tbd in Frameworks */,
				347A50EE9FEB416C9B412352 /* libiconv.dylib in Frameworks */,
				097B49435D6849E194C9E1C0 /* AVFoundation.framework in Frameworks */,
				0C50C2ABF2FE48DB94AF7D24 /* CoreVideo.framework in Frameworks */,
				F655FA8118CF4894AFD571DE /* QuartzCore.framework in Frameworks */,
				86874F8AC85F45D3A5524C56 /* CoreImage.framework in Frameworks */,
				163074850EE240ED8AE2380D /* AudioToolbox.framework in Frameworks */,
			);
			runOnlyForDeploymentPostprocessing = 0;
		};
/* End PBXFrameworksBuildPhase section */

/* Begin PBXGroup section */
		080E96DDFE201D6D7F000001 /* Classes */ = {
			isa = PBXGroup;
			children = (
				302D95EE14D2391D003F00A1 /* MainViewController.h */,
				302D95EF14D2391D003F00A1 /* MainViewController.m */,
				302D95F014D2391D003F00A1 /* MainViewController.xib */,
				1D3623240D0F684500981E51 /* AppDelegate.h */,
				1D3623250D0F684500981E51 /* AppDelegate.m */,
			);
			name = Classes;
			path = "ipisaapp/Classes";
			sourceTree = SOURCE_ROOT;
		};
		19C28FACFE9D520D11CA2CBB /* Products */ = {
			isa = PBXGroup;
			children = (
				1D6058910D05DD3D006BFB54 /* ipisaapp.app */,
			);
			name = Products;
			sourceTree = "<group>";
		};
		29B97314FDCFA39411CA2CEA /* CustomTemplate */ = {
			isa = PBXGroup;
			children = (
				EB87FDF41871DAF40020F90C /* config.xml */,
				EB87FDF31871DA8E0020F90C /* www */,
				EB87FDF11871DA420020F90C /* Staging */,
				301BF52D109A57CC0062928A /* CordovaLib.xcodeproj */,
				080E96DDFE201D6D7F000001 /* Classes */,
				307C750510C5A3420062BCA9 /* Plugins */,
				29B97315FDCFA39411CA2CEA /* Other Sources */,
				29B97317FDCFA39411CA2CEA /* Resources */,
				29B97323FDCFA39411CA2CEA /* Frameworks */,
				19C28FACFE9D520D11CA2CBB /* Products */,
			);
			name = CustomTemplate;
			sourceTree = "<group>";
		};
		29B97315FDCFA39411CA2CEA /* Other Sources */ = {
			isa = PBXGroup;
			children = (
				32CA4F630368D1EE00C91783 /* ipisaapp-Prefix.pch */,
				29B97316FDCFA39411CA2CEA /* main.m */,
				ED33DF2A687741AEAF9F8254 /* Bridging-Header.h */,
			);
			name = "Other Sources";
			path = "ipisaapp";
			sourceTree = "<group>";
		};
		29B97317FDCFA39411CA2CEA /* Resources */ = {
			isa = PBXGroup;
			children = (
				0207DA571B56EA530066E2B4 /* Images.xcassets */,
				3047A50E1AB8057F00498E2A /* config */,
				8D1107310486CEB800E47090 /* ipisaapp-Info.plist */,
				6AFF5BF81D6E424B00AB3073 /* CDVLaunchScreen.storyboard */,
				867DCD17AC164124AFFD5643 /* scannerOverlay.xib */,
				98D9EA1D56284692B2A62812 /* CDVBarcodeScanner.bundle */,
			);
			name = Resources;
			path = "ipisaapp/Resources";
			sourceTree = "<group>";
		};
		29B97323FDCFA39411CA2CEA /* Frameworks */ = {
			isa = PBXGroup;
			children = (
				F78156B2464B4946A087DA20 /* WebKit.framework */,
				FF5E6117208A4B0E8BAF63FF /* libz.tbd */,
				7D2492C194804EAA81462959 /* libiconv.dylib */,
				A18BD0A6D351409D8A7496EA /* AVFoundation.framework */,
				B813CB5102664D9BBB84320B /* CoreVideo.framework */,
				8F095912A14E47218DD6675E /* QuartzCore.framework */,
				80AAD33A3CE5449691523E9E /* CoreImage.framework */,
				A7412B06BA754766A0740F65 /* AudioToolbox.framework */,
			);
			name = Frameworks;
			sourceTree = "<group>";
		};
		301BF52E109A57CC0062928A /* Products */ = {
			isa = PBXGroup;
			children = (
				301BF535109A57CC0062928A /* libCordova.a */,
			);
			name = Products;
			sourceTree = "<group>";
		};
		3047A50E1AB8057F00498E2A /* config */ = {
			isa = PBXGroup;
			children = (
				3047A50F1AB8059700498E2A /* build-debug.xcconfig */,
				3047A5101AB8059700498E2A /* build-release.xcconfig */,
				3047A5111AB8059700498E2A /* build.xcconfig */,
			);
			name = config;
			sourceTree = "<group>";
		};
		307C750510C5A3420062BCA9 /* Plugins */ = {
			isa = PBXGroup;
			children = (
				6ABCD81DC9264122A0C6C962 /* CDVDevice.m */,
				AAC83C8C3E6B491096E2A4C9 /* CDVDevice.h */,
				D7FC9AF4CEBB4DB9B47BBF76 /* CDVWKWebViewEngine.m */,
				2016C10E852A414790FA4764 /* CDVWKWebViewUIDelegate.m */,
				5BB6D326416444EB81B57A3C /* CDVWKProcessPoolFactory.m */,
				ECDD437231D74531BF53823B /* GCDWebServer.m */,
				CBBC3576DC0C4A1FA9A3903F /* GCDWebServerConnection.m */,
				0946A125BA984B0F89C7F97C /* GCDWebServerFunctions.m */,
				DA89C7BC918B410C81AA9883 /* GCDWebServerRequest.m */,
				F5C2ED38DB684521BDBF1949 /* GCDWebServerResponse.m */,
				5E6CE5BF31434C0E931E74CF /* GCDWebServerDataRequest.m */,
				BD6B8B4373584029B5E1C6F6 /* GCDWebServerFileRequest.m */,
				20AC0B0FD3124371A5D6771E /* GCDWebServerMultiPartFormRequest.m */,
				5B1A931D566642909761A658 /* GCDWebServerURLEncodedFormRequest.m */,
				62C81C50189044AA90838D2E /* GCDWebServerDataResponse.m */,
				349E844F2B9B4F0C8D03E2B1 /* GCDWebServerErrorResponse.m */,
				D342033654DB438DAF344032 /* GCDWebServerFileResponse.m */,
				AE3F922F2C9541BAA8447542 /* GCDWebServerStreamedResponse.m */,
				C0B0F6DD9C5A498997279C5A /* CDVWKWebViewEngine.h */,
				089E526DF2C1432DAC3FF697 /* CDVWKWebViewUIDelegate.h */,
				6A1AC43B0E084D1384C9A5D5 /* CDVWKProcessPoolFactory.h */,
				3EC24F351A9A4299A221274C /* GCDWebServer.h */,
				88D0F4EBBDD54F76B719AFE1 /* GCDWebServerConnection.h */,
				518C49C8F7834857AA57D1EF /* GCDWebServerFunctions.h */,
				EAAE9CCB66AD478BB4FF2865 /* GCDWebServerHTTPStatusCodes.h */,
				0C486C5BA9DD4311A8433A78 /* GCDWebServerPrivate.h */,
				4CC9BA6E1E9C4D769FB19652 /* GCDWebServerRequest.h */,
				71599D1E420F4B43A319929C /* GCDWebServerResponse.h */,
				29D46F6BA5054D6EAB832DBE /* GCDWebServerDataRequest.h */,
				8FD9DC5509B24A78850CD1E5 /* GCDWebServerFileRequest.h */,
				A8D84C6247C5488AB63EC6B1 /* GCDWebServerMultiPartFormRequest.h */,
				ED9A5BBB788A46C798728576 /* GCDWebServerURLEncodedFormRequest.h */,
				A439449E00DA49EF8713A414 /* GCDWebServerDataResponse.h */,
				0B1BBC67FA434163B3347D6A /* GCDWebServerErrorResponse.h */,
				5854B5702DF24B45B66B72D9 /* GCDWebServerFileResponse.h */,
				1A01C0EBAF904BC9BA1A319E /* GCDWebServerStreamedResponse.h */,
				C0C42E0488C94AE587AA7722 /* CDVSplashScreen.m */,
				9C488D05A7B04EED95C776C8 /* CDVViewController+SplashScreen.m */,
				90AF08A7C7E3465DB7AC69CD /* CDVSplashScreen.h */,
				EECABB86F03747E58F036299 /* CDVViewController+SplashScreen.h */,
				A4AF46E8BC7B45E9AF9E3444 /* IonicKeyboard.m */,
				675175C26C8F491EB681096A /* IonicKeyboard.h */,
				D41A635E67304FC1ACC32C13 /* CDVBarcodeScanner.mm */,
				57F9165EBE6247DD833DBD8B /* zxing-all-in-one.cpp */,
				390641107A114836B3BC7C98 /* zxing-all-in-one.h */,
			);
			name = Plugins;
			path = "ipisaapp/Plugins";
			sourceTree = SOURCE_ROOT;
		};
		EB87FDF11871DA420020F90C /* Staging */ = {
			isa = PBXGroup;
			children = (
				F840E1F0165FE0F500CFE078 /* config.xml */,
				301BF56E109A69640062928A /* www */,
			);
			name = Staging;
			sourceTree = "<group>";
		};
/* End PBXGroup section */

/* Begin PBXNativeTarget section */
		1D6058900D05DD3D006BFB54 /* ipisaapp */ = {
			isa = PBXNativeTarget;
			buildConfigurationList = 1D6058960D05DD3E006BFB54 /* Build configuration list for PBXNativeTarget "ipisaapp" */;
			buildPhases = (
				304B58A110DAC018002A0835 /* Copy www directory */,
				1D60588D0D05DD3D006BFB54 /* Resources */,
				1D60588E0D05DD3D006BFB54 /* Sources */,
				1D60588F0D05DD3D006BFB54 /* Frameworks */,
			);
			buildRules = (
			);
			dependencies = (
				301BF551109A68C00062928A /* PBXTargetDependency */,
			);
			name = "ipisaapp";
			productName = "ipisaapp";
			productReference = 1D6058910D05DD3D006BFB54 /* ipisaapp.app */;
			productType = "com.apple.product-type.application";
		};
/* End PBXNativeTarget section */

/* Begin PBXProject section */
		29B97313FDCFA39411CA2CEA /* Project object */ = {
			isa = PBXProject;
			attributes = {
				LastUpgradeCheck = 510;
			};
			buildConfigurationList = C01FCF4E08A954540054247B /* Build configuration list for PBXProject "__NON-CLI__" */;
			compatibilityVersion = "Xcode 3.2";
			developmentRegion = English;
			hasScannedForEncodings = 1;
			mainGroup = 29B97314FDCFA39411CA2CEA /* CustomTemplate */;
			projectDirPath = "";
			projectReferences = (
				{
					ProductGroup = 301BF52E109A57CC0062928A /* Products */;
					ProjectRef = 301BF52D109A57CC0062928A /* CordovaLib.xcodeproj */;
				},
			);
			projectRoot = "";
			targets = (
				1D6058900D05DD3D006BFB54 /* ipisaapp */,
			);
		};
/* End PBXProject section */

/* Begin PBXReferenceProxy section */
		301BF535109A57CC0062928A /* libCordova.a */ = {
			isa = PBXReferenceProxy;
			fileType = archive.ar;
			path = libCordova.a;
			remoteRef = 301BF534109A57CC0062928A /* PBXContainerItemProxy */;
			sourceTree = BUILT_PRODUCTS_DIR;
		};
/* End PBXReferenceProxy section */

/* Begin PBXResourcesBuildPhase section */
		1D60588D0D05DD3D006BFB54 /* Resources */ = {
			isa = PBXResourcesBuildPhase;
			buildActionMask = 2147483647;
			files = (
				302D95F214D2391D003F00A1 /* MainViewController.xib in Resources */,
				0207DA581B56EA530066E2B4 /* Images.xcassets in Resources */,
				6AFF5BF91D6E424B00AB3073 /* CDVLaunchScreen.storyboard in Resources */,
				D8A9A5454D55490EA8256764 /* scannerOverlay.xib in Resources */,
				4360DC54452B498590B62C20 /* CDVBarcodeScanner.bundle in Resources */,
			);
			runOnlyForDeploymentPostprocessing = 0;
		};
/* End PBXResourcesBuildPhase section */

/* Begin PBXShellScriptBuildPhase section */
		304B58A110DAC018002A0835 /* Copy www directory */ = {
			isa = PBXShellScriptBuildPhase;
			buildActionMask = 2147483647;
			files = (
			);
			inputPaths = (
			);
			name = "Copy www directory";
			outputPaths = (
			);
			runOnlyForDeploymentPostprocessing = 0;
			shellPath = /bin/sh;
			shellScript = "NODEJS_PATH=/usr/local/bin; NVM_NODE_PATH=~/.nvm/versions/node/`nvm version 2>/dev/null`/bin; N_NODE_PATH=`find /usr/local/n/versions/node/* -maxdepth 0 -type d 2>/dev/null | tail -1`/bin; XCODE_NODE_PATH=`xcode-select --print-path`/usr/share/xcs/Node/bin; PATH=$NODEJS_PATH:$NVM_NODE_PATH:$N_NODE_PATH:$XCODE_NODE_PATH:$PATH && node cordova/lib/copy-www-build-step.js";
			showEnvVarsInLog = 0;
		};
/* End PBXShellScriptBuildPhase section */

/* Begin PBXSourcesBuildPhase section */
		1D60588E0D05DD3D006BFB54 /* Sources */ = {
			isa = PBXSourcesBuildPhase;
			buildActionMask = 2147483647;
			files = (
				1D60589B0D05DD56006BFB54 /* main.m in Sources */,
				1D3623260D0F684500981E51 /* AppDelegate.m in Sources */,
				302D95F114D2391D003F00A1 /* MainViewController.m in Sources */,
				142869A439B64A18A63E8833 /* CDVDevice.m in Sources */,
				95F0663D1E324C1C80FFB8CC /* CDVWKWebViewEngine.m in Sources */,
				AB7744C890CA43E291B2565D /* CDVWKWebViewUIDelegate.m in Sources */,
				AFFD95909DEC4A99B7C3A20A /* CDVWKProcessPoolFactory.m in Sources */,
				2A226C626AAC4A2BB4917D73 /* GCDWebServer.m in Sources */,
				DD0302426B5E4C6FB35E5675 /* GCDWebServerConnection.m in Sources */,
				2CA9FD89F9CA49D0B9F71ADC /* GCDWebServerFunctions.m in Sources */,
				1722BF6FFC6842CD95A6E8E9 /* GCDWebServerRequest.m in Sources */,
				354594F8349B4BD5BF45FBAA /* GCDWebServerResponse.m in Sources */,
				32F37E7E368F42EB9D8FAFEB /* GCDWebServerDataRequest.m in Sources */,
				871FF26D8C364FA9AE84668A /* GCDWebServerFileRequest.m in Sources */,
				29B2DB1F07E04409BA657E0A /* GCDWebServerMultiPartFormRequest.m in Sources */,
				32D28AFFB1DB48CEA2E40307 /* GCDWebServerURLEncodedFormRequest.m in Sources */,
				F6FA4C6760974E5CBF914145 /* GCDWebServerDataResponse.m in Sources */,
				3DBAF9EEDE2F4FB7B446A922 /* GCDWebServerErrorResponse.m in Sources */,
				1963BE1E2E294235872701FE /* GCDWebServerFileResponse.m in Sources */,
				732662B2A9FC448C93613F6F /* GCDWebServerStreamedResponse.m in Sources */,
				9E846A99BF8444A2BE15341A /* CDVSplashScreen.m in Sources */,
				EDF5B722A4C443EB9DFB368F /* CDVViewController+SplashScreen.m in Sources */,
				391E111C20754AEEADF781DC /* IonicKeyboard.m in Sources */,
				561DB550BE5D4A9791A91413 /* CDVBarcodeScanner.mm in Resources */,
				AD4CB13154AA48F09A4C2FFE /* zxing-all-in-one.cpp in Resources */,
			);
			runOnlyForDeploymentPostprocessing = 0;
		};
/* End PBXSourcesBuildPhase section */

/* Begin PBXTargetDependency section */
		301BF551109A68C00062928A /* PBXTargetDependency */ = {
			isa = PBXTargetDependency;
			name = CordovaLib;
			targetProxy = 301BF550109A68C00062928A /* PBXContainerItemProxy */;
		};
/* End PBXTargetDependency section */

/* Begin XCBuildConfiguration section */
		1D6058940D05DD3E006BFB54 /* Debug */ = {
			isa = XCBuildConfiguration;
			baseConfigurationReference = 3047A50F1AB8059700498E2A /* build-debug.xcconfig */;
			buildSettings = {
				ALWAYS_SEARCH_USER_PATHS = NO;
				ASSETCATALOG_COMPILER_APPICON_NAME = AppIcon;
				ASSETCATALOG_COMPILER_LAUNCHIMAGE_NAME = LaunchImage;
				CLANG_ENABLE_MODULES = YES;
				CLANG_ENABLE_OBJC_ARC = YES;
				COPY_PHASE_STRIP = NO;
				GCC_DYNAMIC_NO_PIC = NO;
				GCC_OPTIMIZATION_LEVEL = 0;
				GCC_PRECOMPILE_PREFIX_HEADER = YES;
				GCC_PREFIX_HEADER = "ipisaapp/ipisaapp-Prefix.pch";
				GCC_THUMB_SUPPORT = NO;
				GCC_VERSION = "";
				INFOPLIST_FILE = "ipisaapp/ipisaapp-Info.plist";
				IPHONEOS_DEPLOYMENT_TARGET = 9.0;
				LD_RUNPATH_SEARCH_PATHS = "@executable_path/Frameworks";
				TARGETED_DEVICE_FAMILY = "1,2";
				PRODUCT_NAME = "ipisaapp";
			};
			name = Debug;
		};
		1D6058950D05DD3E006BFB54 /* Release */ = {
			isa = XCBuildConfiguration;
			baseConfigurationReference = 3047A5101AB8059700498E2A /* build-release.xcconfig */;
			buildSettings = {
				ALWAYS_SEARCH_USER_PATHS = NO;
				ASSETCATALOG_COMPILER_APPICON_NAME = AppIcon;
				ASSETCATALOG_COMPILER_LAUNCHIMAGE_NAME = LaunchImage;
				CLANG_ENABLE_MODULES = YES;
				CLANG_ENABLE_OBJC_ARC = YES;
				COPY_PHASE_STRIP = YES;
				GCC_PRECOMPILE_PREFIX_HEADER = YES;
				GCC_PREFIX_HEADER = "ipisaapp/ipisaapp-Prefix.pch";
				GCC_THUMB_SUPPORT = NO;
				GCC_VERSION = "";
				INFOPLIST_FILE = "ipisaapp/ipisaapp-Info.plist";
				IPHONEOS_DEPLOYMENT_TARGET = 9.0;
				LD_RUNPATH_SEARCH_PATHS = "@executable_path/Frameworks";
				TARGETED_DEVICE_FAMILY = "1,2";
				PRODUCT_NAME = "ipisaapp";
			};
			name = Release;
		};
		C01FCF4F08A954540054247B /* Debug */ = {
			isa = XCBuildConfiguration;
			baseConfigurationReference = 3047A5111AB8059700498E2A /* build.xcconfig */;
			buildSettings = {
				CLANG_ENABLE_MODULES = YES;
				CLANG_ENABLE_OBJC_ARC = YES;
				CLANG_WARN_BOOL_CONVERSION = YES;
				CLANG_WARN_CONSTANT_CONVERSION = YES;
				CLANG_WARN_EMPTY_BODY = YES;
				CLANG_WARN_ENUM_CONVERSION = YES;
				CLANG_WARN_INT_CONVERSION = YES;
				CLANG_WARN__DUPLICATE_METHOD_MATCH = YES;
				GCC_C_LANGUAGE_STANDARD = c99;
				GCC_THUMB_SUPPORT = NO;
				GCC_VERSION = "";
				GCC_WARN_ABOUT_RETURN_TYPE = YES;
				GCC_WARN_UNDECLARED_SELECTOR = YES;
				GCC_WARN_UNINITIALIZED_AUTOS = YES;
				GCC_WARN_UNUSED_FUNCTION = YES;
				GCC_WARN_UNUSED_VARIABLE = YES;
				ONLY_ACTIVE_ARCH = YES;
				SDKROOT = iphoneos;
				SKIP_INSTALL = NO;
			};
			name = Debug;
		};
		C01FCF5008A954540054247B /* Release */ = {
			isa = XCBuildConfiguration;
			baseConfigurationReference = 3047A5111AB8059700498E2A /* build.xcconfig */;
			buildSettings = {
				CLANG_ENABLE_MODULES = YES;
				CLANG_ENABLE_OBJC_ARC = YES;
				CLANG_WARN_BOOL_CONVERSION = YES;
				CLANG_WARN_CONSTANT_CONVERSION = YES;
				CLANG_WARN_EMPTY_BODY = YES;
				CLANG_WARN_ENUM_CONVERSION = YES;
				CLANG_WARN_INT_CONVERSION = YES;
				CLANG_WARN__DUPLICATE_METHOD_MATCH = YES;
				GCC_C_LANGUAGE_STANDARD = c99;
				GCC_THUMB_SUPPORT = NO;
				GCC_VERSION = "";
				GCC_WARN_ABOUT_RETURN_TYPE = YES;
				GCC_WARN_UNDECLARED_SELECTOR = YES;
				GCC_WARN_UNINITIALIZED_AUTOS = YES;
				GCC_WARN_UNUSED_FUNCTION = YES;
				GCC_WARN_UNUSED_VARIABLE = YES;
				SDKROOT = iphoneos;
				SKIP_INSTALL = NO;
			};
			name = Release;
		};
/* End XCBuildConfiguration section */

/* Begin XCConfigurationList section */
		1D6058960D05DD3E006BFB54 /* Build configuration list for PBXNativeTarget "ipisaapp" */ = {
			isa = XCConfigurationList;
			buildConfigurations = (
				1D6058940D05DD3E006BFB54 /* Debug */,
				1D6058950D05DD3E006BFB54 /* Release */,
			);
			defaultConfigurationIsVisible = 0;
			defaultConfigurationName = Release;
		};
		C01FCF4E08A954540054247B /* Build configuration list for PBXProject "__NON-CLI__" */ = {
			isa = XCConfigurationList;
			buildConfigurations = (
				C01FCF4F08A954540054247B /* Debug */,
				C01FCF5008A954540054247B /* Release */,
			);
			defaultConfigurationIsVisible = 0;
			defaultConfigurationName = Release;
		};
/* End XCConfigurationList section */
	};
	rootObject = 29B97313FDCFA39411CA2CEA /* Project object */;
}
